
Microsoft Visual Studio Solution File, Format Version 12.00
# Visual Studio Version 16
VisualStudioVersion = 16.0.30320.27
MinimumVisualStudioVersion = 10.0.40219.1
Project("{9A19103F-16F7-4668-BE54-9A1E7A4F7556}") = "RESTServiceProject", "RESTServiceProject\RESTServiceProject.csproj", "{96DA5361-70D8-4B9E-BF7C-4226FDF3B052}"
EndProject
Project("{FAE04EC0-301F-11D3-BF4B-00C04F79EFBC}") = "PasswordEncryption", "PasswordEncryption\PasswordEncryption.csproj", "{20B56C37-84B7-4616-B2C8-2BA724A388EC}"
EndProject
Global
	GlobalSection(SolutionConfigurationPlatforms) = preSolution
		Debug|Any CPU = Debug|Any CPU
		Release|Any CPU = Release|Any CPU
	EndGlobalSection
	GlobalSection(ProjectConfigurationPlatforms) = postSolution
		{96DA5361-70D8-4B9E-BF7C-4226FDF3B052}.Debug|Any CPU.ActiveCfg = Debug|Any CPU
		{96DA5361-70D8-4B9E-BF7C-4226FDF3B052}.Debug|Any CPU.Build.0 = Debug|Any CPU
		{96DA5361-70D8-4B9E-BF7C-4226FDF3B052}.Release|Any CPU.ActiveCfg = Release|Any CPU
		{96DA5361-70D8-4B9E-BF7C-4226FDF3B052}.Release|Any CPU.Build.0 = Release|Any CPU
		{20B56C37-84B7-4616-B2C8-2BA724A388EC}.Debug|Any CPU.ActiveCfg = Debug|Any CPU
		{20B56C37-84B7-4616-B2C8-2BA724A388EC}.Debug|Any CPU.Build.0 = Debug|Any CPU
		{20B56C37-84B7-4616-B2C8-2BA724A388EC}.Release|Any CPU.ActiveCfg = Release|Any CPU
		{20B56C37-84B7-4616-B2C8-2BA724A388EC}.Release|Any CPU.Build.0 = Release|Any CPU
	EndGlobalSection
	GlobalSection(SolutionProperties) = preSolution
		HideSolutionNode = FALSE
	EndGlobalSection
	GlobalSection(ExtensibilityGlobals) = postSolution
		SolutionGuid = {41B8C62E-99BD-425E-98E7-A1B67A92F288}
	EndGlobalSection
EndGlobal
