
Microsoft Visual Studio Solution File, Format Version 12.00
# Visual Studio Version 16
VisualStudioVersion = 16.0.30204.135
MinimumVisualStudioVersion = 10.0.40219.1
Project("{FAE04EC0-301F-11D3-BF4B-00C04F79EFBC}") = "Ziggle.WebSite", "Ziggle.WebSite\Ziggle.WebSite.csproj", "{E48BF5F7-AFA5-464C-B90E-FC6F5F4EB760}"
EndProject
Project("{FAE04EC0-301F-11D3-BF4B-00C04F79EFBC}") = "Ziggle.Business", "Ziggle.Business\Ziggle.Business.csproj", "{4B3D4DC4-2596-4B32-B45F-B7C5856555F6}"
EndProject
Project("{FAE04EC0-301F-11D3-BF4B-00C04F79EFBC}") = "Ziggle.ProductDatabase", "Ziggle.ProductDatabase\Ziggle.ProductDatabase.csproj", "{FB875C10-8B5A-4AE0-8B0C-C9455BF291E9}"
EndProject
Project("{FAE04EC0-301F-11D3-BF4B-00C04F79EFBC}") = "Ziggle.Repository", "Ziggle.Repository\Ziggle.Repository.csproj", "{D09CF96A-BBB3-40D4-BB5B-F3F8650F1DAE}"
EndProject
Global
	GlobalSection(SolutionConfigurationPlatforms) = preSolution
		Debug|Any CPU = Debug|Any CPU
		Release|Any CPU = Release|Any CPU
	EndGlobalSection
	GlobalSection(ProjectConfigurationPlatforms) = postSolution
		{E48BF5F7-AFA5-464C-B90E-FC6F5F4EB760}.Debug|Any CPU.ActiveCfg = Debug|Any CPU
		{E48BF5F7-AFA5-464C-B90E-FC6F5F4EB760}.Debug|Any CPU.Build.0 = Debug|Any CPU
		{E48BF5F7-AFA5-464C-B90E-FC6F5F4EB760}.Release|Any CPU.ActiveCfg = Release|Any CPU
		{E48BF5F7-AFA5-464C-B90E-FC6F5F4EB760}.Release|Any CPU.Build.0 = Release|Any CPU
		{4B3D4DC4-2596-4B32-B45F-B7C5856555F6}.Debug|Any CPU.ActiveCfg = Debug|Any CPU
		{4B3D4DC4-2596-4B32-B45F-B7C5856555F6}.Debug|Any CPU.Build.0 = Debug|Any CPU
		{4B3D4DC4-2596-4B32-B45F-B7C5856555F6}.Release|Any CPU.ActiveCfg = Release|Any CPU
		{4B3D4DC4-2596-4B32-B45F-B7C5856555F6}.Release|Any CPU.Build.0 = Release|Any CPU
		{FB875C10-8B5A-4AE0-8B0C-C9455BF291E9}.Debug|Any CPU.ActiveCfg = Debug|Any CPU
		{FB875C10-8B5A-4AE0-8B0C-C9455BF291E9}.Debug|Any CPU.Build.0 = Debug|Any CPU
		{FB875C10-8B5A-4AE0-8B0C-C9455BF291E9}.Release|Any CPU.ActiveCfg = Release|Any CPU
		{FB875C10-8B5A-4AE0-8B0C-C9455BF291E9}.Release|Any CPU.Build.0 = Release|Any CPU
		{D09CF96A-BBB3-40D4-BB5B-F3F8650F1DAE}.Debug|Any CPU.ActiveCfg = Debug|Any CPU
		{D09CF96A-BBB3-40D4-BB5B-F3F8650F1DAE}.Debug|Any CPU.Build.0 = Debug|Any CPU
		{D09CF96A-BBB3-40D4-BB5B-F3F8650F1DAE}.Release|Any CPU.ActiveCfg = Release|Any CPU
		{D09CF96A-BBB3-40D4-BB5B-F3F8650F1DAE}.Release|Any CPU.Build.0 = Release|Any CPU
	EndGlobalSection
	GlobalSection(SolutionProperties) = preSolution
		HideSolutionNode = FALSE
	EndGlobalSection
	GlobalSection(ExtensibilityGlobals) = postSolution
		SolutionGuid = {697D0BC0-2586-4AF9-889D-9B617298F1E0}
	EndGlobalSection
EndGlobal
